// !$*UTF8*$!
{
	archiveVersion = 1;
	classes = {
	};
	objectVersion = 46;
	objects = {

/* Begin PBXBuildFile section */
		5F3937441C087CDC00ED80F7 /* PlayingsCardGameViewController.m in Sources */ = {isa = PBXBuildFile; fileRef = 5F3937431C087CDC00ED80F7 /* PlayingsCardGameViewController.m */; };
		5F3937941C0C559900ED80F7 /* CardDetailViewController.m in Sources */ = {isa = PBXBuildFile; fileRef = 5F3937931C0C559900ED80F7 /* CardDetailViewController.m */; };
		5F44338E1C06F55F0087F19B /* Foundation.framework in Frameworks */ = {isa = PBXBuildFile; fileRef = 5F44338D1C06F55F0087F19B /* Foundation.framework */; };
		5F4433901C06F9240087F19B /* CoreFoundation.framework in Frameworks */ = {isa = PBXBuildFile; fileRef = 5F44338F1C06F9240087F19B /* CoreFoundation.framework */; };
		5FF42D251BFDD40600819D29 /* main.m in Sources */ = {isa = PBXBuildFile; fileRef = 5FF42D241BFDD40600819D29 /* main.m */; };
		5FF42D281BFDD40600819D29 /* AppDelegate.m in Sources */ = {isa = PBXBuildFile; fileRef = 5FF42D271BFDD40600819D29 /* AppDelegate.m */; };
		5FF42D2B1BFDD40600819D29 /* ViewController.m in Sources */ = {isa = PBXBuildFile; fileRef = 5FF42D2A1BFDD40600819D29 /* ViewController.m */; };
		5FF42D2E1BFDD40600819D29 /* Main.storyboard in Resources */ = {isa = PBXBuildFile; fileRef = 5FF42D2C1BFDD40600819D29 /* Main.storyboard */; };
		5FF42D311BFDD40600819D29 /* PlayingCard.xcdatamodeld in Sources */ = {isa = PBXBuildFile; fileRef = 5FF42D2F1BFDD40600819D29 /* PlayingCard.xcdatamodeld */; };
		5FF42D331BFDD40600819D29 /* Assets.xcassets in Resources */ = {isa = PBXBuildFile; fileRef = 5FF42D321BFDD40600819D29 /* Assets.xcassets */; };
		5FF42D361BFDD40600819D29 /* LaunchScreen.storyboard in Resources */ = {isa = PBXBuildFile; fileRef = 5FF42D341BFDD40600819D29 /* LaunchScreen.storyboard */; };
		5FF42D411BFDD40600819D29 /* PlayingCardTests.m in Sources */ = {isa = PBXBuildFile; fileRef = 5FF42D401BFDD40600819D29 /* PlayingCardTests.m */; };
		5FF42D4C1BFDD40600819D29 /* PlayingCardUITests.m in Sources */ = {isa = PBXBuildFile; fileRef = 5FF42D4B1BFDD40600819D29 /* PlayingCardUITests.m */; };
		5FF42D5E1BFDD44900819D29 /* Deck.m in Sources */ = {isa = PBXBuildFile; fileRef = 5FF42D5D1BFDD44900819D29 /* Deck.m */; };
		5FF42D611BFDD85500819D29 /* Card.m in Sources */ = {isa = PBXBuildFile; fileRef = 5FF42D601BFDD85500819D29 /* Card.m */; };
		5FF42D641BFDDB7200819D29 /* PlayingCard.m in Sources */ = {isa = PBXBuildFile; fileRef = 5FF42D631BFDDB7200819D29 /* PlayingCard.m */; };
		5FF42D671BFDE4F200819D29 /* PlayingCardDeck.m in Sources */ = {isa = PBXBuildFile; fileRef = 5FF42D661BFDE4F200819D29 /* PlayingCardDeck.m */; };
		5FF42D6C1BFE114C00819D29 /* card-back.png in Resources */ = {isa = PBXBuildFile; fileRef = 5FF42D6B1BFE114C00819D29 /* card-back.png */; };
		5FF42D701BFF539600819D29 /* CardMatchingGame.m in Sources */ = {isa = PBXBuildFile; fileRef = 5FF42D6F1BFF539600819D29 /* CardMatchingGame.m */; };
/* End PBXBuildFile section */

/* Begin PBXContainerItemProxy section */
		5FF42D3D1BFDD40600819D29 /* PBXContainerItemProxy */ = {
			isa = PBXContainerItemProxy;
			containerPortal = 5FF42D181BFDD40600819D29 /* Project object */;
			proxyType = 1;
			remoteGlobalIDString = 5FF42D1F1BFDD40600819D29;
			remoteInfo = PlayingCard;
		};
		5FF42D481BFDD40600819D29 /* PBXContainerItemProxy */ = {
			isa = PBXContainerItemProxy;
			containerPortal = 5FF42D181BFDD40600819D29 /* Project object */;
			proxyType = 1;
			remoteGlobalIDString = 5FF42D1F1BFDD40600819D29;
			remoteInfo = PlayingCard;
		};
/* End PBXContainerItemProxy section */

/* Begin PBXFileReference section */
		5F3937421C087CDC00ED80F7 /* PlayingsCardGameViewController.h */ = {isa = PBXFileReference; fileEncoding = 4; lastKnownFileType = sourcecode.c.h; path = PlayingsCardGameViewController.h; sourceTree = "<group>"; };
		5F3937431C087CDC00ED80F7 /* PlayingsCardGameViewController.m */ = {isa = PBXFileReference; fileEncoding = 4; lastKnownFileType = sourcecode.c.objc; path = PlayingsCardGameViewController.m; sourceTree = "<group>"; };
		5F3937921C0C559900ED80F7 /* CardDetailViewController.h */ = {isa = PBXFileReference; fileEncoding = 4; lastKnownFileType = sourcecode.c.h; path = CardDetailViewController.h; sourceTree = "<group>"; };
		5F3937931C0C559900ED80F7 /* CardDetailViewController.m */ = {isa = PBXFileReference; fileEncoding = 4; lastKnownFileType = sourcecode.c.objc; path = CardDetailViewController.m; sourceTree = "<group>"; };
		5F44338D1C06F55F0087F19B /* Foundation.framework */ = {isa = PBXFileReference; lastKnownFileType = wrapper.framework; name = Foundation.framework; path = System/Library/Frameworks/Foundation.framework; sourceTree = SDKROOT; };
		5F44338F1C06F9240087F19B /* CoreFoundation.framework */ = {isa = PBXFileReference; lastKnownFileType = wrapper.framework; name = CoreFoundation.framework; path = System/Library/Frameworks/CoreFoundation.framework; sourceTree = SDKROOT; };
		5FF42D201BFDD40600819D29 /* PlayingCard.app */ = {isa = PBXFileReference; explicitFileType = wrapper.application; includeInIndex = 0; path = PlayingCard.app; sourceTree = BUILT_PRODUCTS_DIR; };
		5FF42D241BFDD40600819D29 /* main.m */ = {isa = PBXFileReference; lastKnownFileType = sourcecode.c.objc; path = main.m; sourceTree = "<group>"; };
		5FF42D261BFDD40600819D29 /* AppDelegate.h */ = {isa = PBXFileReference; lastKnownFileType = sourcecode.c.h; path = AppDelegate.h; sourceTree = "<group>"; };
		5FF42D271BFDD40600819D29 /* AppDelegate.m */ = {isa = PBXFileReference; lastKnownFileType = sourcecode.c.objc; path = AppDelegate.m; sourceTree = "<group>"; };
		5FF42D291BFDD40600819D29 /* ViewController.h */ = {isa = PBXFileReference; lastKnownFileType = sourcecode.c.h; path = ViewController.h; sourceTree = "<group>"; };
		5FF42D2A1BFDD40600819D29 /* ViewController.m */ = {isa = PBXFileReference; lastKnownFileType = sourcecode.c.objc; path = ViewController.m; sourceTree = "<group>"; };
		5FF42D2D1BFDD40600819D29 /* Base */ = {isa = PBXFileReference; lastKnownFileType = file.storyboard; name = Base; path = Base.lproj/Main.storyboard; sourceTree = "<group>"; };
		5FF42D301BFDD40600819D29 /* PlayingCard.xcdatamodel */ = {isa = PBXFileReference; lastKnownFileType = wrapper.xcdatamodel; path = PlayingCard.xcdatamodel; sourceTree = "<group>"; };
		5FF42D321BFDD40600819D29 /* Assets.xcassets */ = {isa = PBXFileReference; lastKnownFileType = folder.assetcatalog; path = Assets.xcassets; sourceTree = "<group>"; };
		5FF42D351BFDD40600819D29 /* Base */ = {isa = PBXFileReference; lastKnownFileType = file.storyboard; name = Base; path = Base.lproj/LaunchScreen.storyboard; sourceTree = "<group>"; };
		5FF42D371BFDD40600819D29 /* Info.plist */ = {isa = PBXFileReference; lastKnownFileType = text.plist.xml; path = Info.plist; sourceTree = "<group>"; };
		5FF42D3C1BFDD40600819D29 /* PlayingCardTests.xctest */ = {isa = PBXFileReference; explicitFileType = wrapper.cfbundle; includeInIndex = 0; path = PlayingCardTests.xctest; sourceTree = BUILT_PRODUCTS_DIR; };
		5FF42D401BFDD40600819D29 /* PlayingCardTests.m */ = {isa = PBXFileReference; lastKnownFileType = sourcecode.c.objc; path = PlayingCardTests.m; sourceTree = "<group>"; };
		5FF42D421BFDD40600819D29 /* Info.plist */ = {isa = PBXFileReference; lastKnownFileType = text.plist.xml; path = Info.plist; sourceTree = "<group>"; };
		5FF42D471BFDD40600819D29 /* PlayingCardUITests.xctest */ = {isa = PBXFileReference; explicitFileType = wrapper.cfbundle; includeInIndex = 0; path = PlayingCardUITests.xctest; sourceTree = BUILT_PRODUCTS_DIR; };
		5FF42D4B1BFDD40600819D29 /* PlayingCardUITests.m */ = {isa = PBXFileReference; lastKnownFileType = sourcecode.c.objc; path = PlayingCardUITests.m; sourceTree = "<group>"; };
		5FF42D4D1BFDD40600819D29 /* Info.plist */ = {isa = PBXFileReference; lastKnownFileType = text.plist.xml; path = Info.plist; sourceTree = "<group>"; };
		5FF42D5C1BFDD44900819D29 /* Deck.h */ = {isa = PBXFileReference; fileEncoding = 4; lastKnownFileType = sourcecode.c.h; path = Deck.h; sourceTree = "<group>"; };
		5FF42D5D1BFDD44900819D29 /* Deck.m */ = {isa = PBXFileReference; fileEncoding = 4; lastKnownFileType = sourcecode.c.objc; path = Deck.m; sourceTree = "<group>"; };
		5FF42D5F1BFDD85500819D29 /* Card.h */ = {isa = PBXFileReference; fileEncoding = 4; lastKnownFileType = sourcecode.c.h; path = Card.h; sourceTree = "<group>"; };
		5FF42D601BFDD85500819D29 /* Card.m */ = {isa = PBXFileReference; fileEncoding = 4; lastKnownFileType = sourcecode.c.objc; path = Card.m; sourceTree = "<group>"; };
		5FF42D621BFDDB7200819D29 /* PlayingCard.h */ = {isa = PBXFileReference; fileEncoding = 4; lastKnownFileType = sourcecode.c.h; path = PlayingCard.h; sourceTree = "<group>"; };
		5FF42D631BFDDB7200819D29 /* PlayingCard.m */ = {isa = PBXFileReference; fileEncoding = 4; lastKnownFileType = sourcecode.c.objc; path = PlayingCard.m; sourceTree = "<group>"; };
		5FF42D651BFDE4F200819D29 /* PlayingCardDeck.h */ = {isa = PBXFileReference; fileEncoding = 4; lastKnownFileType = sourcecode.c.h; path = PlayingCardDeck.h; sourceTree = "<group>"; };
		5FF42D661BFDE4F200819D29 /* PlayingCardDeck.m */ = {isa = PBXFileReference; fileEncoding = 4; lastKnownFileType = sourcecode.c.objc; path = PlayingCardDeck.m; sourceTree = "<group>"; };
		5FF42D6B1BFE114C00819D29 /* card-back.png */ = {isa = PBXFileReference; lastKnownFileType = image.png; path = "card-back.png"; sourceTree = "<group>"; };
		5FF42D6E1BFF539500819D29 /* CardMatchingGame.h */ = {isa = PBXFileReference; fileEncoding = 4; lastKnownFileType = sourcecode.c.h; path = CardMatchingGame.h; sourceTree = "<group>"; };
		5FF42D6F1BFF539600819D29 /* CardMatchingGame.m */ = {isa = PBXFileReference; fileEncoding = 4; lastKnownFileType = sourcecode.c.objc; path = CardMatchingGame.m; sourceTree = "<group>"; };
/* End PBXFileReference section */

/* Begin PBXFrameworksBuildPhase section */
		5FF42D1D1BFDD40600819D29 /* Frameworks */ = {
			isa = PBXFrameworksBuildPhase;
			buildActionMask = 2147483647;
			files = (
				5F4433901C06F9240087F19B /* CoreFoundation.framework in Frameworks */,
				5F44338E1C06F55F0087F19B /* Foundation.framework in Frameworks */,
			);
			runOnlyForDeploymentPostprocessing = 0;
		};
		5FF42D391BFDD40600819D29 /* Frameworks */ = {
			isa = PBXFrameworksBuildPhase;
			buildActionMask = 2147483647;
			files = (
			);
			runOnlyForDeploymentPostprocessing = 0;
		};
		5FF42D441BFDD40600819D29 /* Frameworks */ = {
			isa = PBXFrameworksBuildPhase;
			buildActionMask = 2147483647;
			files = (
			);
			runOnlyForDeploymentPostprocessing = 0;
		};
/* End PBXFrameworksBuildPhase section */

/* Begin PBXGroup section */
		5FB4409E1C526D75001081C7 /* Frameworks */ = {
			isa = PBXGroup;
			children = (
				5F44338F1C06F9240087F19B /* CoreFoundation.framework */,
				5F44338D1C06F55F0087F19B /* Foundation.framework */,
			);
			name = Frameworks;
			sourceTree = "<group>";
		};
		5FF42D171BFDD40600819D29 = {
			isa = PBXGroup;
			children = (
				5FF42D221BFDD40600819D29 /* PlayingCard */,
				5FF42D3F1BFDD40600819D29 /* PlayingCardTests */,
				5FF42D4A1BFDD40600819D29 /* PlayingCardUITests */,
				5FF42D211BFDD40600819D29 /* Products */,
			);
			sourceTree = "<group>";
		};
		5FF42D211BFDD40600819D29 /* Products */ = {
			isa = PBXGroup;
			children = (
				5FF42D201BFDD40600819D29 /* PlayingCard.app */,
				5FF42D3C1BFDD40600819D29 /* PlayingCardTests.xctest */,
				5FF42D471BFDD40600819D29 /* PlayingCardUITests.xctest */,
			);
			name = Products;
			sourceTree = "<group>";
		};
		5FF42D221BFDD40600819D29 /* PlayingCard */ = {
			isa = PBXGroup;
			children = (
				5FF42D6D1BFE1E5300819D29 /* Model */,
				5FF42D261BFDD40600819D29 /* AppDelegate.h */,
				5FF42D271BFDD40600819D29 /* AppDelegate.m */,
				5FF42D291BFDD40600819D29 /* ViewController.h */,
				5FF42D2A1BFDD40600819D29 /* ViewController.m */,
				5FF42D2C1BFDD40600819D29 /* Main.storyboard */,
				5FF42D341BFDD40600819D29 /* LaunchScreen.storyboard */,
				5FF42D231BFDD40600819D29 /* Supporting Files */,
				5F3937421C087CDC00ED80F7 /* PlayingsCardGameViewController.h */,
				5F3937431C087CDC00ED80F7 /* PlayingsCardGameViewController.m */,
				5F3937921C0C559900ED80F7 /* CardDetailViewController.h */,
				5F3937931C0C559900ED80F7 /* CardDetailViewController.m */,
			);
			path = PlayingCard;
			sourceTree = "<group>";
		};
		5FF42D231BFDD40600819D29 /* Supporting Files */ = {
			isa = PBXGroup;
			children = (
				5FB4409E1C526D75001081C7 /* Frameworks */,
				5FF42D6A1BFE114C00819D29 /* Images */,
				5FF42D321BFDD40600819D29 /* Assets.xcassets */,
				5FF42D371BFDD40600819D29 /* Info.plist */,
				5FF42D2F1BFDD40600819D29 /* PlayingCard.xcdatamodeld */,
				5FF42D241BFDD40600819D29 /* main.m */,
			);
			name = "Supporting Files";
			sourceTree = "<group>";
		};
		5FF42D3F1BFDD40600819D29 /* PlayingCardTests */ = {
			isa = PBXGroup;
			children = (
				5FF42D401BFDD40600819D29 /* PlayingCardTests.m */,
				5FF42D421BFDD40600819D29 /* Info.plist */,
			);
			path = PlayingCardTests;
			sourceTree = "<group>";
		};
		5FF42D4A1BFDD40600819D29 /* PlayingCardUITests */ = {
			isa = PBXGroup;
			children = (
				5FF42D4B1BFDD40600819D29 /* PlayingCardUITests.m */,
				5FF42D4D1BFDD40600819D29 /* Info.plist */,
			);
			path = PlayingCardUITests;
			sourceTree = "<group>";
		};
		5FF42D6A1BFE114C00819D29 /* Images */ = {
			isa = PBXGroup;
			children = (
				5FF42D6B1BFE114C00819D29 /* card-back.png */,
			);
			name = Images;
			path = "Supporting Files/Images";
			sourceTree = SOURCE_ROOT;
		};
		5FF42D6D1BFE1E5300819D29 /* Model */ = {
			isa = PBXGroup;
			children = (
				5FF42D5F1BFDD85500819D29 /* Card.h */,
				5FF42D601BFDD85500819D29 /* Card.m */,
				5FF42D5C1BFDD44900819D29 /* Deck.h */,
				5FF42D5D1BFDD44900819D29 /* Deck.m */,
				5FF42D621BFDDB7200819D29 /* PlayingCard.h */,
				5FF42D631BFDDB7200819D29 /* PlayingCard.m */,
				5FF42D651BFDE4F200819D29 /* PlayingCardDeck.h */,
				5FF42D661BFDE4F200819D29 /* PlayingCardDeck.m */,
				5FF42D6E1BFF539500819D29 /* CardMatchingGame.h */,
				5FF42D6F1BFF539600819D29 /* CardMatchingGame.m */,
			);
			name = Model;
			sourceTree = "<group>";
		};
/* End PBXGroup section */

/* Begin PBXNativeTarget section */
		5FF42D1F1BFDD40600819D29 /* PlayingCard */ = {
			isa = PBXNativeTarget;
			buildConfigurationList = 5FF42D501BFDD40600819D29 /* Build configuration list for PBXNativeTarget "PlayingCard" */;
			buildPhases = (
				5FF42D1C1BFDD40600819D29 /* Sources */,
				5FF42D1D1BFDD40600819D29 /* Frameworks */,
				5FF42D1E1BFDD40600819D29 /* Resources */,
			);
			buildRules = (
			);
			dependencies = (
			);
			name = PlayingCard;
			productName = PlayingCard;
			productReference = 5FF42D201BFDD40600819D29 /* PlayingCard.app */;
			productType = "com.apple.product-type.application";
		};
		5FF42D3B1BFDD40600819D29 /* PlayingCardTests */ = {
			isa = PBXNativeTarget;
			buildConfigurationList = 5FF42D531BFDD40600819D29 /* Build configuration list for PBXNativeTarget "PlayingCardTests" */;
			buildPhases = (
				5FF42D381BFDD40600819D29 /* Sources */,
				5FF42D391BFDD40600819D29 /* Frameworks */,
				5FF42D3A1BFDD40600819D29 /* Resources */,
			);
			buildRules = (
			);
			dependencies = (
				5FF42D3E1BFDD40600819D29 /* PBXTargetDependency */,
			);
			name = PlayingCardTests;
			productName = PlayingCardTests;
			productReference = 5FF42D3C1BFDD40600819D29 /* PlayingCardTests.xctest */;
			productType = "com.apple.product-type.bundle.unit-test";
		};
		5FF42D461BFDD40600819D29 /* PlayingCardUITests */ = {
			isa = PBXNativeTarget;
			buildConfigurationList = 5FF42D561BFDD40600819D29 /* Build configuration list for PBXNativeTarget "PlayingCardUITests" */;
			buildPhases = (
				5FF42D431BFDD40600819D29 /* Sources */,
				5FF42D441BFDD40600819D29 /* Frameworks */,
				5FF42D451BFDD40600819D29 /* Resources */,
			);
			buildRules = (
			);
			dependencies = (
				5FF42D491BFDD40600819D29 /* PBXTargetDependency */,
			);
			name = PlayingCardUITests;
			productName = PlayingCardUITests;
			productReference = 5FF42D471BFDD40600819D29 /* PlayingCardUITests.xctest */;
			productType = "com.apple.product-type.bundle.ui-testing";
		};
/* End PBXNativeTarget section */

/* Begin PBXProject section */
		5FF42D181BFDD40600819D29 /* Project object */ = {
			isa = PBXProject;
			attributes = {
				LastUpgradeCheck = 0710;
				ORGANIZATIONNAME = "Pasha Cretsu";
				TargetAttributes = {
					5FF42D1F1BFDD40600819D29 = {
						CreatedOnToolsVersion = 7.1.1;
						DevelopmentTeam = Z24UM42YV9;
					};
					5FF42D3B1BFDD40600819D29 = {
						CreatedOnToolsVersion = 7.1.1;
						TestTargetID = 5FF42D1F1BFDD40600819D29;
					};
					5FF42D461BFDD40600819D29 = {
						CreatedOnToolsVersion = 7.1.1;
						TestTargetID = 5FF42D1F1BFDD40600819D29;
					};
				};
			};
			buildConfigurationList = 5FF42D1B1BFDD40600819D29 /* Build configuration list for PBXProject "PlayingCard" */;
			compatibilityVersion = "Xcode 3.2";
			developmentRegion = English;
			hasScannedForEncodings = 0;
			knownRegions = (
				en,
				Base,
			);
			mainGroup = 5FF42D171BFDD40600819D29;
			productRefGroup = 5FF42D211BFDD40600819D29 /* Products */;
			projectDirPath = "";
			projectRoot = "";
			targets = (
				5FF42D1F1BFDD40600819D29 /* PlayingCard */,
				5FF42D3B1BFDD40600819D29 /* PlayingCardTests */,
				5FF42D461BFDD40600819D29 /* PlayingCardUITests */,
			);
		};
/* End PBXProject section */

/* Begin PBXResourcesBuildPhase section */
		5FF42D1E1BFDD40600819D29 /* Resources */ = {
			isa = PBXResourcesBuildPhase;
			buildActionMask = 2147483647;
			files = (
				5FF42D6C1BFE114C00819D29 /* card-back.png in Resources */,
				5FF42D361BFDD40600819D29 /* LaunchScreen.storyboard in Resources */,
				5FF42D331BFDD40600819D29 /* Assets.xcassets in Resources */,
				5FF42D2E1BFDD40600819D29 /* Main.storyboard in Resources */,
			);
			runOnlyForDeploymentPostprocessing = 0;
		};
		5FF42D3A1BFDD40600819D29 /* Resources */ = {
			isa = PBXResourcesBuildPhase;
			buildActionMask = 2147483647;
			files = (
			);
			runOnlyForDeploymentPostprocessing = 0;
		};
		5FF42D451BFDD40600819D29 /* Resources */ = {
			isa = PBXResourcesBuildPhase;
			buildActionMask = 2147483647;
			files = (
			);
			runOnlyForDeploymentPostprocessing = 0;
		};
/* End PBXResourcesBuildPhase section */

/* Begin PBXSourcesBuildPhase section */
		5FF42D1C1BFDD40600819D29 /* Sources */ = {
			isa = PBXSourcesBuildPhase;
			buildActionMask = 2147483647;
			files = (
				5FF42D5E1BFDD44900819D29 /* Deck.m in Sources */,
				5FF42D671BFDE4F200819D29 /* PlayingCardDeck.m in Sources */,
				5FF42D2B1BFDD40600819D29 /* ViewController.m in Sources */,
				5FF42D701BFF539600819D29 /* CardMatchingGame.m in Sources */,
				5F3937441C087CDC00ED80F7 /* PlayingsCardGameViewController.m in Sources */,
				5FF42D641BFDDB7200819D29 /* PlayingCard.m in Sources */,
				5FF42D281BFDD40600819D29 /* AppDelegate.m in Sources */,
				5F3937941C0C559900ED80F7 /* CardDetailViewController.m in Sources */,
				5FF42D311BFDD40600819D29 /* PlayingCard.xcdatamodeld in Sources */,
				5FF42D251BFDD40600819D29 /* main.m in Sources */,
				5FF42D611BFDD85500819D29 /* Card.m in Sources */,
			);
			runOnlyForDeploymentPostprocessing = 0;
		};
		5FF42D381BFDD40600819D29 /* Sources */ = {
			isa = PBXSourcesBuildPhase;
			buildActionMask = 2147483647;
			files = (
				5FF42D411BFDD40600819D29 /* PlayingCardTests.m in Sources */,
			);
			runOnlyForDeploymentPostprocessing = 0;
		};
		5FF42D431BFDD40600819D29 /* Sources */ = {
			isa = PBXSourcesBuildPhase;
			buildActionMask = 2147483647;
			files = (
				5FF42D4C1BFDD40600819D29 /* PlayingCardUITests.m in Sources */,
			);
			runOnlyForDeploymentPostprocessing = 0;
		};
/* End PBXSourcesBuildPhase section */

/* Begin PBXTargetDependency section */
		5FF42D3E1BFDD40600819D29 /* PBXTargetDependency */ = {
			isa = PBXTargetDependency;
			target = 5FF42D1F1BFDD40600819D29 /* PlayingCard */;
			targetProxy = 5FF42D3D1BFDD40600819D29 /* PBXContainerItemProxy */;
		};
		5FF42D491BFDD40600819D29 /* PBXTargetDependency */ = {
			isa = PBXTargetDependency;
			target = 5FF42D1F1BFDD40600819D29 /* PlayingCard */;
			targetProxy = 5FF42D481BFDD40600819D29 /* PBXContainerItemProxy */;
		};
/* End PBXTargetDependency section */

/* Begin PBXVariantGroup section */
		5FF42D2C1BFDD40600819D29 /* Main.storyboard */ = {
			isa = PBXVariantGroup;
			children = (
				5FF42D2D1BFDD40600819D29 /* Base */,
			);
			name = Main.storyboard;
			sourceTree = "<group>";
		};
		5FF42D341BFDD40600819D29 /* LaunchScreen.storyboard */ = {
			isa = PBXVariantGroup;
			children = (
				5FF42D351BFDD40600819D29 /* Base */,
			);
			name = LaunchScreen.storyboard;
			sourceTree = "<group>";
		};
/* End PBXVariantGroup section */

/* Begin XCBuildConfiguration section */
		5FF42D4E1BFDD40600819D29 /* Debug */ = {
			isa = XCBuildConfiguration;
			buildSettings = {
				ALWAYS_SEARCH_USER_PATHS = NO;
				CLANG_CXX_LANGUAGE_STANDARD = "gnu++0x";
				CLANG_CXX_LIBRARY = "libc++";
				CLANG_ENABLE_MODULES = YES;
				CLANG_ENABLE_OBJC_ARC = YES;
				CLANG_WARN_BOOL_CONVERSION = YES;
				CLANG_WARN_CONSTANT_CONVERSION = YES;
				CLANG_WARN_DIRECT_OBJC_ISA_USAGE = YES_ERROR;
				CLANG_WARN_EMPTY_BODY = YES;
				CLANG_WARN_ENUM_CONVERSION = YES;
				CLANG_WARN_INT_CONVERSION = YES;
				CLANG_WARN_OBJC_ROOT_CLASS = YES_ERROR;
				CLANG_WARN_UNREACHABLE_CODE = YES;
				CLANG_WARN__DUPLICATE_METHOD_MATCH = YES;
				"CODE_SIGN_IDENTITY[sdk=iphoneos*]" = "iPhone Developer";
				COPY_PHASE_STRIP = NO;
				DEBUG_INFORMATION_FORMAT = dwarf;
				ENABLE_STRICT_OBJC_MSGSEND = YES;
				ENABLE_TESTABILITY = YES;
				GCC_C_LANGUAGE_STANDARD = gnu99;
				GCC_DYNAMIC_NO_PIC = NO;
				GCC_NO_COMMON_BLOCKS = YES;
				GCC_OPTIMIZATION_LEVEL = 0;
				GCC_PREPROCESSOR_DEFINITIONS = (
					"DEBUG=1",
					"$(inherited)",
				);
				GCC_WARN_64_TO_32_BIT_CONVERSION = YES;
				GCC_WARN_ABOUT_RETURN_TYPE = YES_ERROR;
				GCC_WARN_UNDECLARED_SELECTOR = YES;
				GCC_WARN_UNINITIALIZED_AUTOS = YES_AGGRESSIVE;
				GCC_WARN_UNUSED_FUNCTION = YES;
				GCC_WARN_UNUSED_VARIABLE = YES;
				IPHONEOS_DEPLOYMENT_TARGET = 9.1;
				MTL_ENABLE_DEBUG_INFO = YES;
				ONLY_ACTIVE_ARCH = YES;
				SDKROOT = iphoneos;
			};
			name = Debug;
		};
		5FF42D4F1BFDD40600819D29 /* Release */ = {
			isa = XCBuildConfiguration;
			buildSettings = {
				ALWAYS_SEARCH_USER_PATHS = NO;
				CLANG_CXX_LANGUAGE_STANDARD = "gnu++0x";
				CLANG_CXX_LIBRARY = "libc++";
				CLANG_ENABLE_MODULES = YES;
				CLANG_ENABLE_OBJC_ARC = YES;
				CLANG_WARN_BOOL_CONVERSION = YES;
				CLANG_WARN_CONSTANT_CONVERSION = YES;
				CLANG_WARN_DIRECT_OBJC_ISA_USAGE = YES_ERROR;
				CLANG_WARN_EMPTY_BODY = YES;
				CLANG_WARN_ENUM_CONVERSION = YES;
				CLANG_WARN_INT_CONVERSION = YES;
				CLANG_WARN_OBJC_ROOT_CLASS = YES_ERROR;
				CLANG_WARN_UNREACHABLE_CODE = YES;
				CLANG_WARN__DUPLICATE_METHOD_MATCH = YES;
				"CODE_SIGN_IDENTITY[sdk=iphoneos*]" = "iPhone Developer";
				COPY_PHASE_STRIP = NO;
				DEBUG_INFORMATION_FORMAT = "dwarf-with-dsym";
				ENABLE_NS_ASSERTIONS = NO;
				ENABLE_STRICT_OBJC_MSGSEND = YES;
				GCC_C_LANGUAGE_STANDARD = gnu99;
				GCC_NO_COMMON_BLOCKS = YES;
				GCC_WARN_64_TO_32_BIT_CONVERSION = YES;
				GCC_WARN_ABOUT_RETURN_TYPE = YES_ERROR;
				GCC_WARN_UNDECLARED_SELECTOR = YES;
				GCC_WARN_UNINITIALIZED_AUTOS = YES_AGGRESSIVE;
				GCC_WARN_UNUSED_FUNCTION = YES;
				GCC_WARN_UNUSED_VARIABLE = YES;
				IPHONEOS_DEPLOYMENT_TARGET = 9.1;
				MTL_ENABLE_DEBUG_INFO = NO;
				SDKROOT = iphoneos;
				VALIDATE_PRODUCT = YES;
			};
			name = Release;
		};
		5FF42D511BFDD40600819D29 /* Debug */ = {
			isa = XCBuildConfiguration;
			buildSettings = {
				ASSETCATALOG_COMPILER_APPICON_NAME = AppIcon;
				CODE_SIGN_IDENTITY = "iPhone Developer";
				"CODE_SIGN_IDENTITY[sdk=iphoneos*]" = "iPhone Developer";
				INFOPLIST_FILE = PlayingCard/Info.plist;
				LD_RUNPATH_SEARCH_PATHS = "$(inherited) @executable_path/Frameworks";
				PRODUCT_BUNDLE_IDENTIFIER = Qlicks.PlayingCard;
				PRODUCT_NAME = "$(TARGET_NAME)";
				PROVISIONING_PROFILE = "";
			};
			name = Debug;
		};
		5FF42D521BFDD40600819D29 /* Release */ = {
			isa = XCBuildConfiguration;
			buildSettings = {
				ASSETCATALOG_COMPILER_APPICON_NAME = AppIcon;
				CODE_SIGN_IDENTITY = "iPhone Developer";
				"CODE_SIGN_IDENTITY[sdk=iphoneos*]" = "iPhone Developer";
				INFOPLIST_FILE = PlayingCard/Info.plist;
				LD_RUNPATH_SEARCH_PATHS = "$(inherited) @executable_path/Frameworks";
				PRODUCT_BUNDLE_IDENTIFIER = Qlicks.PlayingCard;
				PRODUCT_NAME = "$(TARGET_NAME)";
				PROVISIONING_PROFILE = "";
			};
			name = Release;
		};
		5FF42D541BFDD40600819D29 /* Debug */ = {
			isa = XCBuildConfiguration;
			buildSettings = {
				BUNDLE_LOADER = "$(TEST_HOST)";
				INFOPLIST_FILE = PlayingCardTests/Info.plist;
				LD_RUNPATH_SEARCH_PATHS = "$(inherited) @executable_path/Frameworks @loader_path/Frameworks";
				PRODUCT_BUNDLE_IDENTIFIER = Qlicks.PlayingCardTests;
				PRODUCT_NAME = "$(TARGET_NAME)";
				TEST_HOST = "$(BUILT_PRODUCTS_DIR)/PlayingCard.app/PlayingCard";
			};
			name = Debug;
		};
		5FF42D551BFDD40600819D29 /* Release */ = {
			isa = XCBuildConfiguration;
			buildSettings = {
				BUNDLE_LOADER = "$(TEST_HOST)";
				INFOPLIST_FILE = PlayingCardTests/Info.plist;
				LD_RUNPATH_SEARCH_PATHS = "$(inherited) @executable_path/Frameworks @loader_path/Frameworks";
				PRODUCT_BUNDLE_IDENTIFIER = Qlicks.PlayingCardTests;
				PRODUCT_NAME = "$(TARGET_NAME)";
				TEST_HOST = "$(BUILT_PRODUCTS_DIR)/PlayingCard.app/PlayingCard";
			};
			name = Release;
		};
		5FF42D571BFDD40600819D29 /* Debug */ = {
			isa = XCBuildConfiguration;
			buildSettings = {
				INFOPLIST_FILE = PlayingCardUITests/Info.plist;
				LD_RUNPATH_SEARCH_PATHS = "$(inherited) @executable_path/Frameworks @loader_path/Frameworks";
				PRODUCT_BUNDLE_IDENTIFIER = Qlicks.PlayingCardUITests;
				PRODUCT_NAME = "$(TARGET_NAME)";
				TEST_TARGET_NAME = PlayingCard;
				USES_XCTRUNNER = YES;
			};
			name = Debug;
		};
		5FF42D581BFDD40600819D29 /* Release */ = {
			isa = XCBuildConfiguration;
			buildSettings = {
				INFOPLIST_FILE = PlayingCardUITests/Info.plist;
				LD_RUNPATH_SEARCH_PATHS = "$(inherited) @executable_path/Frameworks @loader_path/Frameworks";
				PRODUCT_BUNDLE_IDENTIFIER = Qlicks.PlayingCardUITests;
				PRODUCT_NAME = "$(TARGET_NAME)";
				TEST_TARGET_NAME = PlayingCard;
				USES_XCTRUNNER = YES;
			};
			name = Release;
		};
/* End XCBuildConfiguration section */

/* Begin XCConfigurationList section */
		5FF42D1B1BFDD40600819D29 /* Build configuration list for PBXProject "PlayingCard" */ = {
			isa = XCConfigurationList;
			buildConfigurations = (
				5FF42D4E1BFDD40600819D29 /* Debug */,
				5FF42D4F1BFDD40600819D29 /* Release */,
			);
			defaultConfigurationIsVisible = 0;
			defaultConfigurationName = Release;
		};
		5FF42D501BFDD40600819D29 /* Build configuration list for PBXNativeTarget "PlayingCard" */ = {
			isa = XCConfigurationList;
			buildConfigurations = (
				5FF42D511BFDD40600819D29 /* Debug */,
				5FF42D521BFDD40600819D29 /* Release */,
			);
			defaultConfigurationIsVisible = 0;
			defaultConfigurationName = Release;
		};
		5FF42D531BFDD40600819D29 /* Build configuration list for PBXNativeTarget "PlayingCardTests" */ = {
			isa = XCConfigurationList;
			buildConfigurations = (
				5FF42D541BFDD40600819D29 /* Debug */,
				5FF42D551BFDD40600819D29 /* Release */,
			);
			defaultConfigurationIsVisible = 0;
			defaultConfigurationName = Release;
		};
		5FF42D561BFDD40600819D29 /* Build configuration list for PBXNativeTarget "PlayingCardUITests" */ = {
			isa = XCConfigurationList;
			buildConfigurations = (
				5FF42D571BFDD40600819D29 /* Debug */,
				5FF42D581BFDD40600819D29 /* Release */,
			);
			defaultConfigurationIsVisible = 0;
			defaultConfigurationName = Release;
		};
/* End XCConfigurationList section */

/* Begin XCVersionGroup section */
		5FF42D2F1BFDD40600819D29 /* PlayingCard.xcdatamodeld */ = {
			isa = XCVersionGroup;
			children = (
				5FF42D301BFDD40600819D29 /* PlayingCard.xcdatamodel */,
			);
			currentVersion = 5FF42D301BFDD40600819D29 /* PlayingCard.xcdatamodel */;
			path = PlayingCard.xcdatamodeld;
			sourceTree = "<group>";
			versionGroupType = wrapper.xcdatamodel;
		};
/* End XCVersionGroup section */
	};
	rootObject = 5FF42D181BFDD40600819D29 /* Project object */;
}
